
Microsoft Visual Studio Solution File, Format Version 12.00
# Visual Studio 15
VisualStudioVersion = 15.0.27004.2008
MinimumVisualStudioVersion = 15.0.26124.0
Project("{9A19103F-16F7-4668-BE54-9A1E7A4F7556}") = "Proto.Persistence.AnySql", "Proto.Persistence.AnySql\Proto.Persistence.AnySql.csproj", "{E851B929-1F25-4BA0-BE70-CE94ED6F9F06}"
EndProject
Project("{9A19103F-16F7-4668-BE54-9A1E7A4F7556}") = "Proto.Persistence.MySql", "Proto.Persistence.MySql\Proto.Persistence.MySql.csproj", "{F6D97811-D56F-44C8-92BB-A9FE794D7D04}"
EndProject
Project("{2150E333-8FDC-42A3-9474-1A3956D46DE8}") = ".build", ".build", "{C6AE9568-906A-4FAA-9DE3-46F9AF02FA9E}"
	ProjectSection(SolutionItems) = preProject
		..\build.fsx = ..\build.fsx
		..\build.tools.fsx = ..\build.tools.fsx
		..\CHANGES.md = ..\CHANGES.md
		..\paket.dependencies = ..\paket.dependencies
		..\README.md = ..\README.md
		..\Common.targets = ..\Common.targets
		..\.secrets.cfg = ..\.secrets.cfg
		..\settings.cfg = ..\settings.cfg
	EndProjectSection
EndProject
Project("{FAE04EC0-301F-11D3-BF4B-00C04F79EFBC}") = "Proto.Persistence.PgSql", "Proto.Persistence.PgSql\Proto.Persistence.PgSql.csproj", "{95169F1A-C940-4A09-8E6F-EEF710E9BA8A}"
EndProject
Project("{FAE04EC0-301F-11D3-BF4B-00C04F79EFBC}") = "Proto.Persistence.PgSql.Tests", "Proto.Persistence.PgSql.Tests\Proto.Persistence.PgSql.Tests.csproj", "{6F7604F5-CE0A-4968-AEC4-76CBD4AB7A8F}"
EndProject
Global
	GlobalSection(SolutionConfigurationPlatforms) = preSolution
		Debug|Any CPU = Debug|Any CPU
		Debug|x64 = Debug|x64
		Debug|x86 = Debug|x86
		Release|Any CPU = Release|Any CPU
		Release|x64 = Release|x64
		Release|x86 = Release|x86
	EndGlobalSection
	GlobalSection(ProjectConfigurationPlatforms) = postSolution
		{E851B929-1F25-4BA0-BE70-CE94ED6F9F06}.Debug|Any CPU.ActiveCfg = Debug|Any CPU
		{E851B929-1F25-4BA0-BE70-CE94ED6F9F06}.Debug|Any CPU.Build.0 = Debug|Any CPU
		{E851B929-1F25-4BA0-BE70-CE94ED6F9F06}.Debug|x64.ActiveCfg = Debug|Any CPU
		{E851B929-1F25-4BA0-BE70-CE94ED6F9F06}.Debug|x64.Build.0 = Debug|Any CPU
		{E851B929-1F25-4BA0-BE70-CE94ED6F9F06}.Debug|x86.ActiveCfg = Debug|Any CPU
		{E851B929-1F25-4BA0-BE70-CE94ED6F9F06}.Debug|x86.Build.0 = Debug|Any CPU
		{E851B929-1F25-4BA0-BE70-CE94ED6F9F06}.Release|Any CPU.ActiveCfg = Release|Any CPU
		{E851B929-1F25-4BA0-BE70-CE94ED6F9F06}.Release|Any CPU.Build.0 = Release|Any CPU
		{E851B929-1F25-4BA0-BE70-CE94ED6F9F06}.Release|x64.ActiveCfg = Release|Any CPU
		{E851B929-1F25-4BA0-BE70-CE94ED6F9F06}.Release|x64.Build.0 = Release|Any CPU
		{E851B929-1F25-4BA0-BE70-CE94ED6F9F06}.Release|x86.ActiveCfg = Release|Any CPU
		{E851B929-1F25-4BA0-BE70-CE94ED6F9F06}.Release|x86.Build.0 = Release|Any CPU
		{F6D97811-D56F-44C8-92BB-A9FE794D7D04}.Debug|Any CPU.ActiveCfg = Debug|Any CPU
		{F6D97811-D56F-44C8-92BB-A9FE794D7D04}.Debug|Any CPU.Build.0 = Debug|Any CPU
		{F6D97811-D56F-44C8-92BB-A9FE794D7D04}.Debug|x64.ActiveCfg = Debug|Any CPU
		{F6D97811-D56F-44C8-92BB-A9FE794D7D04}.Debug|x64.Build.0 = Debug|Any CPU
		{F6D97811-D56F-44C8-92BB-A9FE794D7D04}.Debug|x86.ActiveCfg = Debug|Any CPU
		{F6D97811-D56F-44C8-92BB-A9FE794D7D04}.Debug|x86.Build.0 = Debug|Any CPU
		{F6D97811-D56F-44C8-92BB-A9FE794D7D04}.Release|Any CPU.ActiveCfg = Release|Any CPU
		{F6D97811-D56F-44C8-92BB-A9FE794D7D04}.Release|Any CPU.Build.0 = Release|Any CPU
		{F6D97811-D56F-44C8-92BB-A9FE794D7D04}.Release|x64.ActiveCfg = Release|Any CPU
		{F6D97811-D56F-44C8-92BB-A9FE794D7D04}.Release|x64.Build.0 = Release|Any CPU
		{F6D97811-D56F-44C8-92BB-A9FE794D7D04}.Release|x86.ActiveCfg = Release|Any CPU
		{F6D97811-D56F-44C8-92BB-A9FE794D7D04}.Release|x86.Build.0 = Release|Any CPU
		{95169F1A-C940-4A09-8E6F-EEF710E9BA8A}.Debug|Any CPU.ActiveCfg = Debug|Any CPU
		{95169F1A-C940-4A09-8E6F-EEF710E9BA8A}.Debug|Any CPU.Build.0 = Debug|Any CPU
		{95169F1A-C940-4A09-8E6F-EEF710E9BA8A}.Debug|x64.ActiveCfg = Debug|Any CPU
		{95169F1A-C940-4A09-8E6F-EEF710E9BA8A}.Debug|x64.Build.0 = Debug|Any CPU
		{95169F1A-C940-4A09-8E6F-EEF710E9BA8A}.Debug|x86.ActiveCfg = Debug|Any CPU
		{95169F1A-C940-4A09-8E6F-EEF710E9BA8A}.Debug|x86.Build.0 = Debug|Any CPU
		{95169F1A-C940-4A09-8E6F-EEF710E9BA8A}.Release|Any CPU.ActiveCfg = Release|Any CPU
		{95169F1A-C940-4A09-8E6F-EEF710E9BA8A}.Release|Any CPU.Build.0 = Release|Any CPU
		{95169F1A-C940-4A09-8E6F-EEF710E9BA8A}.Release|x64.ActiveCfg = Release|Any CPU
		{95169F1A-C940-4A09-8E6F-EEF710E9BA8A}.Release|x64.Build.0 = Release|Any CPU
		{95169F1A-C940-4A09-8E6F-EEF710E9BA8A}.Release|x86.ActiveCfg = Release|Any CPU
		{95169F1A-C940-4A09-8E6F-EEF710E9BA8A}.Release|x86.Build.0 = Release|Any CPU
		{6F7604F5-CE0A-4968-AEC4-76CBD4AB7A8F}.Debug|Any CPU.ActiveCfg = Debug|Any CPU
		{6F7604F5-CE0A-4968-AEC4-76CBD4AB7A8F}.Debug|Any CPU.Build.0 = Debug|Any CPU
		{6F7604F5-CE0A-4968-AEC4-76CBD4AB7A8F}.Debug|x64.ActiveCfg = Debug|Any CPU
		{6F7604F5-CE0A-4968-AEC4-76CBD4AB7A8F}.Debug|x64.Build.0 = Debug|Any CPU
		{6F7604F5-CE0A-4968-AEC4-76CBD4AB7A8F}.Debug|x86.ActiveCfg = Debug|Any CPU
		{6F7604F5-CE0A-4968-AEC4-76CBD4AB7A8F}.Debug|x86.Build.0 = Debug|Any CPU
		{6F7604F5-CE0A-4968-AEC4-76CBD4AB7A8F}.Release|Any CPU.ActiveCfg = Release|Any CPU
		{6F7604F5-CE0A-4968-AEC4-76CBD4AB7A8F}.Release|Any CPU.Build.0 = Release|Any CPU
		{6F7604F5-CE0A-4968-AEC4-76CBD4AB7A8F}.Release|x64.ActiveCfg = Release|Any CPU
		{6F7604F5-CE0A-4968-AEC4-76CBD4AB7A8F}.Release|x64.Build.0 = Release|Any CPU
		{6F7604F5-CE0A-4968-AEC4-76CBD4AB7A8F}.Release|x86.ActiveCfg = Release|Any CPU
		{6F7604F5-CE0A-4968-AEC4-76CBD4AB7A8F}.Release|x86.Build.0 = Release|Any CPU
	EndGlobalSection
	GlobalSection(SolutionProperties) = preSolution
		HideSolutionNode = FALSE
	EndGlobalSection
	GlobalSection(ExtensibilityGlobals) = postSolution
		SolutionGuid = {EEEAFD46-2528-4DFF-8B71-C65BD2C712C8}
	EndGlobalSection
EndGlobal
